
Microsoft Visual Studio Solution File, Format Version 12.00
# Visual Studio 14
VisualStudioVersion = 14.0.25420.1
MinimumVisualStudioVersion = 10.0.40219.1
Project("{F184B08F-C81C-45F6-A57F-5ABD9991F28F}") = "BxSAP_Config", "BxSAP_Config\BxSAP_Config.vbproj", "{A48D98D6-2DD7-49E6-8487-6D4486248C74}"
EndProject
Project("{F184B08F-C81C-45F6-A57F-5ABD9991F28F}") = "BxSAP_Excel", "BxSAP_Excel\BxSAP_Excel.vbproj", "{ED466B62-096F-40A5-AC0F-24BC9055800E}"
EndProject
Project("{F184B08F-C81C-45F6-A57F-5ABD9991F28F}") = "BxSAP_NCO", "BxSAP_NCO\BxSAP_NCO.vbproj", "{7CB3340B-4FE1-4061-B409-6C813C1852B2}"
EndProject
Project("{F184B08F-C81C-45F6-A57F-5ABD9991F28F}") = "BxSAP_UT_Config", "BxSAP_UT_Config\BxSAP_UT_Config.vbproj", "{EF929E9A-C8D7-4A7E-A3EF-873A60E69263}"
EndProject
Project("{F184B08F-C81C-45F6-A57F-5ABD9991F28F}") = "BxSAP_Utilities", "BxSAP_Utilities\BxSAP_Utilities.vbproj", "{8C307410-C538-40FA-9CCA-9F1801E294DF}"
EndProject
Project("{F184B08F-C81C-45F6-A57F-5ABD9991F28F}") = "BxSAP_UT_Utilities", "BxSAP_xTesting\BxSAP_UT_Utilities.vbproj", "{5C290650-7F63-442A-878B-26B4CE00C31A}"
EndProject
Project("{F184B08F-C81C-45F6-A57F-5ABD9991F28F}") = "WindowsControlLibrary1", "WindowsControlLibrary1\WindowsControlLibrary1.vbproj", "{4C22859E-2156-48D7-B44B-342925561614}"
EndProject
Project("{F184B08F-C81C-45F6-A57F-5ABD9991F28F}") = "WpfControlLibrary1", "WpfControlLibrary1\WpfControlLibrary1.vbproj", "{611E8017-2118-4D16-8128-9C95477EC46D}"
EndProject
Project("{F184B08F-C81C-45F6-A57F-5ABD9991F28F}") = "BxSAPtor", "BxSAPtor\BxSAPtor.vbproj", "{6D1088D8-00FA-4FBF-B740-5CC0B7FC5B27}"
EndProject
Global
	GlobalSection(SolutionConfigurationPlatforms) = preSolution
		Debug|Any CPU = Debug|Any CPU
		Debug|x64 = Debug|x64
		Release|Any CPU = Release|Any CPU
		Release|x64 = Release|x64
	EndGlobalSection
	GlobalSection(ProjectConfigurationPlatforms) = postSolution
		{A48D98D6-2DD7-49E6-8487-6D4486248C74}.Debug|Any CPU.ActiveCfg = Debug|Any CPU
		{A48D98D6-2DD7-49E6-8487-6D4486248C74}.Debug|Any CPU.Build.0 = Debug|Any CPU
		{A48D98D6-2DD7-49E6-8487-6D4486248C74}.Debug|x64.ActiveCfg = Debug|x64
		{A48D98D6-2DD7-49E6-8487-6D4486248C74}.Debug|x64.Build.0 = Debug|x64
		{A48D98D6-2DD7-49E6-8487-6D4486248C74}.Release|Any CPU.ActiveCfg = Release|Any CPU
		{A48D98D6-2DD7-49E6-8487-6D4486248C74}.Release|Any CPU.Build.0 = Release|Any CPU
		{A48D98D6-2DD7-49E6-8487-6D4486248C74}.Release|x64.ActiveCfg = Release|x64
		{A48D98D6-2DD7-49E6-8487-6D4486248C74}.Release|x64.Build.0 = Release|x64
		{ED466B62-096F-40A5-AC0F-24BC9055800E}.Debug|Any CPU.ActiveCfg = Debug|Any CPU
		{ED466B62-096F-40A5-AC0F-24BC9055800E}.Debug|Any CPU.Build.0 = Debug|Any CPU
		{ED466B62-096F-40A5-AC0F-24BC9055800E}.Debug|x64.ActiveCfg = Debug|x64
		{ED466B62-096F-40A5-AC0F-24BC9055800E}.Debug|x64.Build.0 = Debug|x64
		{ED466B62-096F-40A5-AC0F-24BC9055800E}.Release|Any CPU.ActiveCfg = Release|Any CPU
		{ED466B62-096F-40A5-AC0F-24BC9055800E}.Release|Any CPU.Build.0 = Release|Any CPU
		{ED466B62-096F-40A5-AC0F-24BC9055800E}.Release|x64.ActiveCfg = Release|x64
		{ED466B62-096F-40A5-AC0F-24BC9055800E}.Release|x64.Build.0 = Release|x64
		{7CB3340B-4FE1-4061-B409-6C813C1852B2}.Debug|Any CPU.ActiveCfg = Debug|Any CPU
		{7CB3340B-4FE1-4061-B409-6C813C1852B2}.Debug|Any CPU.Build.0 = Debug|Any CPU
		{7CB3340B-4FE1-4061-B409-6C813C1852B2}.Debug|x64.ActiveCfg = Debug|x64
		{7CB3340B-4FE1-4061-B409-6C813C1852B2}.Debug|x64.Build.0 = Debug|x64
		{7CB3340B-4FE1-4061-B409-6C813C1852B2}.Release|Any CPU.ActiveCfg = Release|Any CPU
		{7CB3340B-4FE1-4061-B409-6C813C1852B2}.Release|Any CPU.Build.0 = Release|Any CPU
		{7CB3340B-4FE1-4061-B409-6C813C1852B2}.Release|x64.ActiveCfg = Release|x64
		{7CB3340B-4FE1-4061-B409-6C813C1852B2}.Release|x64.Build.0 = Release|x64
		{EF929E9A-C8D7-4A7E-A3EF-873A60E69263}.Debug|Any CPU.ActiveCfg = Debug|Any CPU
		{EF929E9A-C8D7-4A7E-A3EF-873A60E69263}.Debug|Any CPU.Build.0 = Debug|Any CPU
		{EF929E9A-C8D7-4A7E-A3EF-873A60E69263}.Debug|x64.ActiveCfg = Debug|x64
		{EF929E9A-C8D7-4A7E-A3EF-873A60E69263}.Debug|x64.Build.0 = Debug|x64
		{EF929E9A-C8D7-4A7E-A3EF-873A60E69263}.Release|Any CPU.ActiveCfg = Release|Any CPU
		{EF929E9A-C8D7-4A7E-A3EF-873A60E69263}.Release|Any CPU.Build.0 = Release|Any CPU
		{EF929E9A-C8D7-4A7E-A3EF-873A60E69263}.Release|x64.ActiveCfg = Release|x64
		{EF929E9A-C8D7-4A7E-A3EF-873A60E69263}.Release|x64.Build.0 = Release|x64
		{8C307410-C538-40FA-9CCA-9F1801E294DF}.Debug|Any CPU.ActiveCfg = Debug|Any CPU
		{8C307410-C538-40FA-9CCA-9F1801E294DF}.Debug|Any CPU.Build.0 = Debug|Any CPU
		{8C307410-C538-40FA-9CCA-9F1801E294DF}.Debug|x64.ActiveCfg = Debug|x64
		{8C307410-C538-40FA-9CCA-9F1801E294DF}.Debug|x64.Build.0 = Debug|x64
		{8C307410-C538-40FA-9CCA-9F1801E294DF}.Release|Any CPU.ActiveCfg = Release|Any CPU
		{8C307410-C538-40FA-9CCA-9F1801E294DF}.Release|Any CPU.Build.0 = Release|Any CPU
		{8C307410-C538-40FA-9CCA-9F1801E294DF}.Release|x64.ActiveCfg = Release|x64
		{8C307410-C538-40FA-9CCA-9F1801E294DF}.Release|x64.Build.0 = Release|x64
		{5C290650-7F63-442A-878B-26B4CE00C31A}.Debug|Any CPU.ActiveCfg = Debug|Any CPU
		{5C290650-7F63-442A-878B-26B4CE00C31A}.Debug|Any CPU.Build.0 = Debug|Any CPU
		{5C290650-7F63-442A-878B-26B4CE00C31A}.Debug|x64.ActiveCfg = Debug|x64
		{5C290650-7F63-442A-878B-26B4CE00C31A}.Debug|x64.Build.0 = Debug|x64
		{5C290650-7F63-442A-878B-26B4CE00C31A}.Release|Any CPU.ActiveCfg = Release|Any CPU
		{5C290650-7F63-442A-878B-26B4CE00C31A}.Release|Any CPU.Build.0 = Release|Any CPU
		{5C290650-7F63-442A-878B-26B4CE00C31A}.Release|x64.ActiveCfg = Release|x64
		{5C290650-7F63-442A-878B-26B4CE00C31A}.Release|x64.Build.0 = Release|x64
		{4C22859E-2156-48D7-B44B-342925561614}.Debug|Any CPU.ActiveCfg = Debug|Any CPU
		{4C22859E-2156-48D7-B44B-342925561614}.Debug|Any CPU.Build.0 = Debug|Any CPU
		{4C22859E-2156-48D7-B44B-342925561614}.Debug|x64.ActiveCfg = Debug|x64
		{4C22859E-2156-48D7-B44B-342925561614}.Debug|x64.Build.0 = Debug|x64
		{4C22859E-2156-48D7-B44B-342925561614}.Release|Any CPU.ActiveCfg = Release|Any CPU
		{4C22859E-2156-48D7-B44B-342925561614}.Release|Any CPU.Build.0 = Release|Any CPU
		{4C22859E-2156-48D7-B44B-342925561614}.Release|x64.ActiveCfg = Release|x64
		{4C22859E-2156-48D7-B44B-342925561614}.Release|x64.Build.0 = Release|x64
		{611E8017-2118-4D16-8128-9C95477EC46D}.Debug|Any CPU.ActiveCfg = Debug|Any CPU
		{611E8017-2118-4D16-8128-9C95477EC46D}.Debug|Any CPU.Build.0 = Debug|Any CPU
		{611E8017-2118-4D16-8128-9C95477EC46D}.Debug|x64.ActiveCfg = Debug|x64
		{611E8017-2118-4D16-8128-9C95477EC46D}.Debug|x64.Build.0 = Debug|x64
		{611E8017-2118-4D16-8128-9C95477EC46D}.Release|Any CPU.ActiveCfg = Release|Any CPU
		{611E8017-2118-4D16-8128-9C95477EC46D}.Release|Any CPU.Build.0 = Release|Any CPU
		{611E8017-2118-4D16-8128-9C95477EC46D}.Release|x64.ActiveCfg = Release|x64
		{611E8017-2118-4D16-8128-9C95477EC46D}.Release|x64.Build.0 = Release|x64
		{6D1088D8-00FA-4FBF-B740-5CC0B7FC5B27}.Debug|Any CPU.ActiveCfg = Debug|Any CPU
		{6D1088D8-00FA-4FBF-B740-5CC0B7FC5B27}.Debug|Any CPU.Build.0 = Debug|Any CPU
		{6D1088D8-00FA-4FBF-B740-5CC0B7FC5B27}.Debug|x64.ActiveCfg = Debug|Any CPU
		{6D1088D8-00FA-4FBF-B740-5CC0B7FC5B27}.Debug|x64.Build.0 = Debug|Any CPU
		{6D1088D8-00FA-4FBF-B740-5CC0B7FC5B27}.Release|Any CPU.ActiveCfg = Release|Any CPU
		{6D1088D8-00FA-4FBF-B740-5CC0B7FC5B27}.Release|Any CPU.Build.0 = Release|Any CPU
		{6D1088D8-00FA-4FBF-B740-5CC0B7FC5B27}.Release|x64.ActiveCfg = Release|Any CPU
		{6D1088D8-00FA-4FBF-B740-5CC0B7FC5B27}.Release|x64.Build.0 = Release|Any CPU
	EndGlobalSection
	GlobalSection(SolutionProperties) = preSolution
		HideSolutionNode = FALSE
	EndGlobalSection
EndGlobal
