
Microsoft Visual Studio Solution File, Format Version 12.00
# Visual Studio 14
VisualStudioVersion = 14.0.25420.1
MinimumVisualStudioVersion = 10.0.40219.1
Project("{F184B08F-C81C-45F6-A57F-5ABD9991F28F}") = "BxSAP_NCO", "BxSAP_NCO\BxSAP_NCO.vbproj", "{7CB3340B-4FE1-4061-B409-6C813C1852B2}"
EndProject
Project("{F184B08F-C81C-45F6-A57F-5ABD9991F28F}") = "BxSAP_Utilities", "BxSAP_Utilities\BxSAP_Utilities.vbproj", "{8C307410-C538-40FA-9CCA-9F1801E294DF}"
EndProject
Project("{F184B08F-C81C-45F6-A57F-5ABD9991F28F}") = "BxSAP_Config", "BxSAP_Config\BxSAP_Config.vbproj", "{A48D98D6-2DD7-49E6-8487-6D4486248C74}"
EndProject
Project("{F184B08F-C81C-45F6-A57F-5ABD9991F28F}") = "BxSAP_Excel", "BxSAP_Excel\BxSAP_Excel.vbproj", "{ED466B62-096F-40A5-AC0F-24BC9055800E}"
EndProject
Project("{F184B08F-C81C-45F6-A57F-5ABD9991F28F}") = "BxSAP_UT_Utilities", "BxSAP_xTesting\BxSAP_UT_Utilities.vbproj", "{5C290650-7F63-442A-878B-26B4CE00C31A}"
EndProject
Project("{2150E333-8FDC-42A3-9474-1A3956D46DE8}") = "xTest Cases", "xTest Cases", "{495723AC-BAA9-420D-A6D2-7204C6A0317B}"
EndProject
Project("{F184B08F-C81C-45F6-A57F-5ABD9991F28F}") = "BxSAP_UT_Config", "BxSAP_UT_Config\BxSAP_UT_Config.vbproj", "{EF929E9A-C8D7-4A7E-A3EF-873A60E69263}"
EndProject
Project("{F184B08F-C81C-45F6-A57F-5ABD9991F28F}") = "WpfControlLibrary1", "WpfControlLibrary1\WpfControlLibrary1.vbproj", "{3AA253ED-BFE4-4914-B90A-E3D6C1BDA935}"
EndProject
Project("{F184B08F-C81C-45F6-A57F-5ABD9991F28F}") = "BxSAP_Config_TierDataEntity", "BxSAP_Config_TierDataEntity\BxSAP_Config_TierDataEntity.vbproj", "{A6A68986-7596-48DD-B3CB-56891A71F3FB}"
EndProject
Project("{F184B08F-C81C-45F6-A57F-5ABD9991F28F}") = "BxSAP_Config_TierDataAccess", "BxSAP_Config_TierDataAccess\BxSAP_Config_TierDataAccess.vbproj", "{BCAE7B37-A35D-427A-9167-4FA0D4EB722B}"
EndProject
Global
	GlobalSection(SolutionConfigurationPlatforms) = preSolution
		Debug|Any CPU = Debug|Any CPU
		Release|Any CPU = Release|Any CPU
	EndGlobalSection
	GlobalSection(ProjectConfigurationPlatforms) = postSolution
		{7CB3340B-4FE1-4061-B409-6C813C1852B2}.Debug|Any CPU.ActiveCfg = Debug|Any CPU
		{7CB3340B-4FE1-4061-B409-6C813C1852B2}.Debug|Any CPU.Build.0 = Debug|Any CPU
		{7CB3340B-4FE1-4061-B409-6C813C1852B2}.Release|Any CPU.ActiveCfg = Release|Any CPU
		{7CB3340B-4FE1-4061-B409-6C813C1852B2}.Release|Any CPU.Build.0 = Release|Any CPU
		{8C307410-C538-40FA-9CCA-9F1801E294DF}.Debug|Any CPU.ActiveCfg = Debug|Any CPU
		{8C307410-C538-40FA-9CCA-9F1801E294DF}.Debug|Any CPU.Build.0 = Debug|Any CPU
		{8C307410-C538-40FA-9CCA-9F1801E294DF}.Release|Any CPU.ActiveCfg = Release|Any CPU
		{8C307410-C538-40FA-9CCA-9F1801E294DF}.Release|Any CPU.Build.0 = Release|Any CPU
		{A48D98D6-2DD7-49E6-8487-6D4486248C74}.Debug|Any CPU.ActiveCfg = Debug|Any CPU
		{A48D98D6-2DD7-49E6-8487-6D4486248C74}.Debug|Any CPU.Build.0 = Debug|Any CPU
		{A48D98D6-2DD7-49E6-8487-6D4486248C74}.Release|Any CPU.ActiveCfg = Release|Any CPU
		{A48D98D6-2DD7-49E6-8487-6D4486248C74}.Release|Any CPU.Build.0 = Release|Any CPU
		{ED466B62-096F-40A5-AC0F-24BC9055800E}.Debug|Any CPU.ActiveCfg = Debug|Any CPU
		{ED466B62-096F-40A5-AC0F-24BC9055800E}.Debug|Any CPU.Build.0 = Debug|Any CPU
		{ED466B62-096F-40A5-AC0F-24BC9055800E}.Release|Any CPU.ActiveCfg = Release|Any CPU
		{ED466B62-096F-40A5-AC0F-24BC9055800E}.Release|Any CPU.Build.0 = Release|Any CPU
		{5C290650-7F63-442A-878B-26B4CE00C31A}.Debug|Any CPU.ActiveCfg = Debug|Any CPU
		{5C290650-7F63-442A-878B-26B4CE00C31A}.Debug|Any CPU.Build.0 = Debug|Any CPU
		{5C290650-7F63-442A-878B-26B4CE00C31A}.Release|Any CPU.ActiveCfg = Release|Any CPU
		{5C290650-7F63-442A-878B-26B4CE00C31A}.Release|Any CPU.Build.0 = Release|Any CPU
		{EF929E9A-C8D7-4A7E-A3EF-873A60E69263}.Debug|Any CPU.ActiveCfg = Debug|Any CPU
		{EF929E9A-C8D7-4A7E-A3EF-873A60E69263}.Debug|Any CPU.Build.0 = Debug|Any CPU
		{EF929E9A-C8D7-4A7E-A3EF-873A60E69263}.Release|Any CPU.ActiveCfg = Release|Any CPU
		{EF929E9A-C8D7-4A7E-A3EF-873A60E69263}.Release|Any CPU.Build.0 = Release|Any CPU
		{3AA253ED-BFE4-4914-B90A-E3D6C1BDA935}.Debug|Any CPU.ActiveCfg = Debug|Any CPU
		{3AA253ED-BFE4-4914-B90A-E3D6C1BDA935}.Debug|Any CPU.Build.0 = Debug|Any CPU
		{3AA253ED-BFE4-4914-B90A-E3D6C1BDA935}.Release|Any CPU.ActiveCfg = Release|Any CPU
		{3AA253ED-BFE4-4914-B90A-E3D6C1BDA935}.Release|Any CPU.Build.0 = Release|Any CPU
		{A6A68986-7596-48DD-B3CB-56891A71F3FB}.Debug|Any CPU.ActiveCfg = Debug|Any CPU
		{A6A68986-7596-48DD-B3CB-56891A71F3FB}.Debug|Any CPU.Build.0 = Debug|Any CPU
		{A6A68986-7596-48DD-B3CB-56891A71F3FB}.Release|Any CPU.ActiveCfg = Release|Any CPU
		{A6A68986-7596-48DD-B3CB-56891A71F3FB}.Release|Any CPU.Build.0 = Release|Any CPU
		{BCAE7B37-A35D-427A-9167-4FA0D4EB722B}.Debug|Any CPU.ActiveCfg = Debug|Any CPU
		{BCAE7B37-A35D-427A-9167-4FA0D4EB722B}.Debug|Any CPU.Build.0 = Debug|Any CPU
		{BCAE7B37-A35D-427A-9167-4FA0D4EB722B}.Release|Any CPU.ActiveCfg = Release|Any CPU
		{BCAE7B37-A35D-427A-9167-4FA0D4EB722B}.Release|Any CPU.Build.0 = Release|Any CPU
	EndGlobalSection
	GlobalSection(SolutionProperties) = preSolution
		HideSolutionNode = FALSE
	EndGlobalSection
	GlobalSection(NestedProjects) = preSolution
		{5C290650-7F63-442A-878B-26B4CE00C31A} = {495723AC-BAA9-420D-A6D2-7204C6A0317B}
		{EF929E9A-C8D7-4A7E-A3EF-873A60E69263} = {495723AC-BAA9-420D-A6D2-7204C6A0317B}
	EndGlobalSection
EndGlobal
